
Microsoft Visual Studio Solution File, Format Version 12.00
# Visual Studio Version 17
VisualStudioVersion = 17.3.32825.248
MinimumVisualStudioVersion = 10.0.40219.1
Project("{FAE04EC0-301F-11D3-BF4B-00C04F79EFBC}") = "TumakovHomework", "26.11.2022\TumakovHomework.csproj", "{E7FA0BED-E35E-400A-A3B5-0812F124EFE2}"
EndProject
Project("{FAE04EC0-301F-11D3-BF4B-00C04F79EFBC}") = "Tumakov11", "Tumakov11\Tumakov11.csproj", "{C751B763-4D15-417C-952C-ABC066D18D4E}"
EndProject
Project("{FAE04EC0-301F-11D3-BF4B-00C04F79EFBC}") = "Task1", "Task1\Task1.csproj", "{0CD084D1-65F1-4BF6-8436-1BAA5A72C959}"
EndProject
Project("{FAE04EC0-301F-11D3-BF4B-00C04F79EFBC}") = "Tumakov12Classwork", "Tumakov12Classwork\Tumakov12Classwork.csproj", "{B3848D25-4CEE-4A3B-905E-B0D545E7408D}"
EndProject
Global
	GlobalSection(SolutionConfigurationPlatforms) = preSolution
		Debug|Any CPU = Debug|Any CPU
		Release|Any CPU = Release|Any CPU
	EndGlobalSection
	GlobalSection(ProjectConfigurationPlatforms) = postSolution
		{E7FA0BED-E35E-400A-A3B5-0812F124EFE2}.Debug|Any CPU.ActiveCfg = Debug|Any CPU
		{E7FA0BED-E35E-400A-A3B5-0812F124EFE2}.Debug|Any CPU.Build.0 = Debug|Any CPU
		{E7FA0BED-E35E-400A-A3B5-0812F124EFE2}.Release|Any CPU.ActiveCfg = Release|Any CPU
		{E7FA0BED-E35E-400A-A3B5-0812F124EFE2}.Release|Any CPU.Build.0 = Release|Any CPU
		{C751B763-4D15-417C-952C-ABC066D18D4E}.Debug|Any CPU.ActiveCfg = Debug|Any CPU
		{C751B763-4D15-417C-952C-ABC066D18D4E}.Debug|Any CPU.Build.0 = Debug|Any CPU
		{C751B763-4D15-417C-952C-ABC066D18D4E}.Release|Any CPU.ActiveCfg = Release|Any CPU
		{C751B763-4D15-417C-952C-ABC066D18D4E}.Release|Any CPU.Build.0 = Release|Any CPU
		{0CD084D1-65F1-4BF6-8436-1BAA5A72C959}.Debug|Any CPU.ActiveCfg = Debug|Any CPU
		{0CD084D1-65F1-4BF6-8436-1BAA5A72C959}.Debug|Any CPU.Build.0 = Debug|Any CPU
		{0CD084D1-65F1-4BF6-8436-1BAA5A72C959}.Release|Any CPU.ActiveCfg = Release|Any CPU
		{0CD084D1-65F1-4BF6-8436-1BAA5A72C959}.Release|Any CPU.Build.0 = Release|Any CPU
		{B3848D25-4CEE-4A3B-905E-B0D545E7408D}.Debug|Any CPU.ActiveCfg = Debug|Any CPU
		{B3848D25-4CEE-4A3B-905E-B0D545E7408D}.Debug|Any CPU.Build.0 = Debug|Any CPU
		{B3848D25-4CEE-4A3B-905E-B0D545E7408D}.Release|Any CPU.ActiveCfg = Release|Any CPU
		{B3848D25-4CEE-4A3B-905E-B0D545E7408D}.Release|Any CPU.Build.0 = Release|Any CPU
	EndGlobalSection
	GlobalSection(SolutionProperties) = preSolution
		HideSolutionNode = FALSE
	EndGlobalSection
	GlobalSection(ExtensibilityGlobals) = postSolution
		SolutionGuid = {C435D92B-4204-4441-B7F1-8018A267D3DC}
	EndGlobalSection
EndGlobal
